
Microsoft Visual Studio Solution File, Format Version 12.00
Project("{FAE04EC0-301F-11D3-BF4B-00C04F79EFBC}") = "Task_3", "Task_3\Task_3.csproj", "{31A226FB-36CF-41CB-887F-BA62B4D880AF}"
EndProject
Project("{FAE04EC0-301F-11D3-BF4B-00C04F79EFBC}") = "Task_4", "Task_4\Task_4.csproj", "{3F745171-67D2-4F5B-AFF6-8F12E5BE01F6}"
EndProject
Project("{FAE04EC0-301F-11D3-BF4B-00C04F79EFBC}") = "Task_5", "Task_5\Task_5.csproj", "{ED6AD0A7-71BB-438A-98C7-9B7EDE0AA0F6}"
EndProject
Project("{FAE04EC0-301F-11D3-BF4B-00C04F79EFBC}") = "Task_6", "Task_6\Task_6.csproj", "{D1E0BD43-0B76-4CBE-8558-8FB67E5F155F}"
EndProject
Project("{FAE04EC0-301F-11D3-BF4B-00C04F79EFBC}") = "Task_7", "Task_7\Task_7.csproj", "{B93D8907-6790-4412-A6CC-8D41A85CEF1A}"
EndProject
Project("{FAE04EC0-301F-11D3-BF4B-00C04F79EFBC}") = "Task_8", "Task_8\Task_8.csproj", "{D9F0E2CA-FE9B-459F-A968-1D49CF694240}"
EndProject
Project("{FAE04EC0-301F-11D3-BF4B-00C04F79EFBC}") = "Task_11", "Task_11\Task_11.csproj", "{FC32680B-687C-435D-B979-60C3BDB3263C}"
EndProject
Project("{FAE04EC0-301F-11D3-BF4B-00C04F79EFBC}") = "Task_10", "Task_10\Task_10.csproj", "{AA65C3B0-DE83-466E-AE6B-303243BDD473}"
EndProject
Project("{FAE04EC0-301F-11D3-BF4B-00C04F79EFBC}") = "Task_9", "Task_9\Task_9.csproj", "{431B431B-1A6B-456A-829D-ED03547A512F}"
EndProject
Project("{FAE04EC0-301F-11D3-BF4B-00C04F79EFBC}") = "Task_12", "Task_12\Task_12.csproj", "{A85F1E76-0E08-4EB5-9600-E1CA47EF1CD1}"
EndProject
Global
	GlobalSection(SolutionConfigurationPlatforms) = preSolution
		Debug|Any CPU = Debug|Any CPU
		Release|Any CPU = Release|Any CPU
	EndGlobalSection
	GlobalSection(ProjectConfigurationPlatforms) = postSolution
		{31A226FB-36CF-41CB-887F-BA62B4D880AF}.Debug|Any CPU.ActiveCfg = Debug|Any CPU
		{31A226FB-36CF-41CB-887F-BA62B4D880AF}.Debug|Any CPU.Build.0 = Debug|Any CPU
		{31A226FB-36CF-41CB-887F-BA62B4D880AF}.Release|Any CPU.ActiveCfg = Release|Any CPU
		{31A226FB-36CF-41CB-887F-BA62B4D880AF}.Release|Any CPU.Build.0 = Release|Any CPU
		{3F745171-67D2-4F5B-AFF6-8F12E5BE01F6}.Debug|Any CPU.ActiveCfg = Debug|Any CPU
		{3F745171-67D2-4F5B-AFF6-8F12E5BE01F6}.Debug|Any CPU.Build.0 = Debug|Any CPU
		{3F745171-67D2-4F5B-AFF6-8F12E5BE01F6}.Release|Any CPU.ActiveCfg = Release|Any CPU
		{3F745171-67D2-4F5B-AFF6-8F12E5BE01F6}.Release|Any CPU.Build.0 = Release|Any CPU
		{ED6AD0A7-71BB-438A-98C7-9B7EDE0AA0F6}.Debug|Any CPU.ActiveCfg = Debug|Any CPU
		{ED6AD0A7-71BB-438A-98C7-9B7EDE0AA0F6}.Debug|Any CPU.Build.0 = Debug|Any CPU
		{ED6AD0A7-71BB-438A-98C7-9B7EDE0AA0F6}.Release|Any CPU.ActiveCfg = Release|Any CPU
		{ED6AD0A7-71BB-438A-98C7-9B7EDE0AA0F6}.Release|Any CPU.Build.0 = Release|Any CPU
		{D1E0BD43-0B76-4CBE-8558-8FB67E5F155F}.Debug|Any CPU.ActiveCfg = Debug|Any CPU
		{D1E0BD43-0B76-4CBE-8558-8FB67E5F155F}.Debug|Any CPU.Build.0 = Debug|Any CPU
		{D1E0BD43-0B76-4CBE-8558-8FB67E5F155F}.Release|Any CPU.ActiveCfg = Release|Any CPU
		{D1E0BD43-0B76-4CBE-8558-8FB67E5F155F}.Release|Any CPU.Build.0 = Release|Any CPU
		{B93D8907-6790-4412-A6CC-8D41A85CEF1A}.Debug|Any CPU.ActiveCfg = Debug|Any CPU
		{B93D8907-6790-4412-A6CC-8D41A85CEF1A}.Debug|Any CPU.Build.0 = Debug|Any CPU
		{B93D8907-6790-4412-A6CC-8D41A85CEF1A}.Release|Any CPU.ActiveCfg = Release|Any CPU
		{B93D8907-6790-4412-A6CC-8D41A85CEF1A}.Release|Any CPU.Build.0 = Release|Any CPU
		{D9F0E2CA-FE9B-459F-A968-1D49CF694240}.Debug|Any CPU.ActiveCfg = Debug|Any CPU
		{D9F0E2CA-FE9B-459F-A968-1D49CF694240}.Debug|Any CPU.Build.0 = Debug|Any CPU
		{D9F0E2CA-FE9B-459F-A968-1D49CF694240}.Release|Any CPU.ActiveCfg = Release|Any CPU
		{D9F0E2CA-FE9B-459F-A968-1D49CF694240}.Release|Any CPU.Build.0 = Release|Any CPU
		{FC32680B-687C-435D-B979-60C3BDB3263C}.Debug|Any CPU.ActiveCfg = Debug|Any CPU
		{FC32680B-687C-435D-B979-60C3BDB3263C}.Debug|Any CPU.Build.0 = Debug|Any CPU
		{FC32680B-687C-435D-B979-60C3BDB3263C}.Release|Any CPU.ActiveCfg = Release|Any CPU
		{FC32680B-687C-435D-B979-60C3BDB3263C}.Release|Any CPU.Build.0 = Release|Any CPU
		{AA65C3B0-DE83-466E-AE6B-303243BDD473}.Debug|Any CPU.ActiveCfg = Debug|Any CPU
		{AA65C3B0-DE83-466E-AE6B-303243BDD473}.Debug|Any CPU.Build.0 = Debug|Any CPU
		{AA65C3B0-DE83-466E-AE6B-303243BDD473}.Release|Any CPU.ActiveCfg = Release|Any CPU
		{AA65C3B0-DE83-466E-AE6B-303243BDD473}.Release|Any CPU.Build.0 = Release|Any CPU
		{431B431B-1A6B-456A-829D-ED03547A512F}.Debug|Any CPU.ActiveCfg = Debug|Any CPU
		{431B431B-1A6B-456A-829D-ED03547A512F}.Debug|Any CPU.Build.0 = Debug|Any CPU
		{431B431B-1A6B-456A-829D-ED03547A512F}.Release|Any CPU.ActiveCfg = Release|Any CPU
		{431B431B-1A6B-456A-829D-ED03547A512F}.Release|Any CPU.Build.0 = Release|Any CPU
		{A85F1E76-0E08-4EB5-9600-E1CA47EF1CD1}.Debug|Any CPU.ActiveCfg = Debug|Any CPU
		{A85F1E76-0E08-4EB5-9600-E1CA47EF1CD1}.Debug|Any CPU.Build.0 = Debug|Any CPU
		{A85F1E76-0E08-4EB5-9600-E1CA47EF1CD1}.Release|Any CPU.ActiveCfg = Release|Any CPU
		{A85F1E76-0E08-4EB5-9600-E1CA47EF1CD1}.Release|Any CPU.Build.0 = Release|Any CPU
	EndGlobalSection
EndGlobal
